{
  "name": "protocol55.biscuit",
  "version": "1.0.0",
  "lockfileVersion": 1,
  "requires": true,
  "dependencies": {
    "document-register-element": {
      "version": "1.13.2",
      "resolved": "https://registry.npmjs.org/document-register-element/-/document-register-element-1.13.2.tgz",
      "integrity": "sha512-zFmrflJsehS9r86gNiBdvShz+Iuvg8Xnxq715+mrTuHNBway5c24ldTdVmqKxpD4WQBo1HnSflvSJdPgSBb11A==",
      "requires": {
        "lightercollective": "0.3.0"
      }
    },
    "incremental-dom": {
      "version": "0.7.0",
      "resolved": "https://registry.npmjs.org/incremental-dom/-/incremental-dom-0.7.0.tgz",
      "integrity": "sha512-SBHQ6AiCmtwh7TU9hjq2CspasJe7ggGa9k+qYZft+d5Qq9v7V+07wlnRSZH5GGYjI8wn6U5p7dDua7f1bih52g=="
    },
    "lightercollective": {
      "version": "0.3.0",
      "resolved": "https://registry.npmjs.org/lightercollective/-/lightercollective-0.3.0.tgz",
      "integrity": "sha512-RFOLSUVvwdK3xA0P8o6G7QGXLIyy1L2qv5caEI7zXN5ciaEjbAriRF182kbsoJ1S1TgvpyGcN485fMky6qxOPw=="
    }
  }
}
